
Microsoft Visual Studio Solution File, Format Version 12.00
# Visual Studio Version 16
VisualStudioVersion = 16.0.31729.503
MinimumVisualStudioVersion = 10.0.40219.1
Project("{FAE04EC0-301F-11D3-BF4B-00C04F79EFBC}") = "Simplex", "Simplex\Simplex.csproj", "{B5288EB7-8ED3-49D5-A219-C87150A0D9B6}"
EndProject
Global
	GlobalSection(SolutionConfigurationPlatforms) = preSolution
		Debug|Any CPU = Debug|Any CPU
		Release|Any CPU = Release|Any CPU
	EndGlobalSection
	GlobalSection(ProjectConfigurationPlatforms) = postSolution
		{B5288EB7-8ED3-49D5-A219-C87150A0D9B6}.Debug|Any CPU.ActiveCfg = Debug|Any CPU
		{B5288EB7-8ED3-49D5-A219-C87150A0D9B6}.Debug|Any CPU.Build.0 = Debug|Any CPU
		{B5288EB7-8ED3-49D5-A219-C87150A0D9B6}.Release|Any CPU.ActiveCfg = Release|Any CPU
		{B5288EB7-8ED3-49D5-A219-C87150A0D9B6}.Release|Any CPU.Build.0 = Release|Any CPU
	EndGlobalSection
	GlobalSection(SolutionProperties) = preSolution
		HideSolutionNode = FALSE
	EndGlobalSection
	GlobalSection(ExtensibilityGlobals) = postSolution
		SolutionGuid = {BC7D66B1-E5ED-4F85-B16A-7FDE35E801CF}
	EndGlobalSection
EndGlobal
